// !$*UTF8*$!
{
	archiveVersion = 1;
	classes = {
	};
	objectVersion = 55;
	objects = {

/* Begin PBXBuildFile section */
		03F7F2434AB90BAF7E9C19FB /* Pods_weather_doll.framework in Frameworks */ = {isa = PBXBuildFile; fileRef = 8496038D30436B7320DBED22 /* Pods_weather_doll.framework */; };
		3614961527CBCBC40038C792 /* Constans.swift in Sources */ = {isa = PBXBuildFile; fileRef = 3614961427CBCBC40038C792 /* Constans.swift */; };
		3614961727CBCC460038C792 /* NetworkResult.swift in Sources */ = {isa = PBXBuildFile; fileRef = 3614961627CBCC460038C792 /* NetworkResult.swift */; };
		3614961927CBCC690038C792 /* WeatherDataModel.swift in Sources */ = {isa = PBXBuildFile; fileRef = 3614961827CBCC690038C792 /* WeatherDataModel.swift */; };
		3614961B27CBCC8C0038C792 /* LocationModel.swift in Sources */ = {isa = PBXBuildFile; fileRef = 3614961A27CBCC8C0038C792 /* LocationModel.swift */; };
		3614961D27CBCD240038C792 /* GetWeatherDataService.swift in Sources */ = {isa = PBXBuildFile; fileRef = 3614961C27CBCD240038C792 /* GetWeatherDataService.swift */; };
		3614962027CBCF8E0038C792 /* SecureURL.swift in Sources */ = {isa = PBXBuildFile; fileRef = 3614961F27CBCF8E0038C792 /* SecureURL.swift */; };
		3614962327CBD2270038C792 /* BottomSheetView.swift in Sources */ = {isa = PBXBuildFile; fileRef = 3614962227CBD2270038C792 /* BottomSheetView.swift */; };
		3614962527CBD2510038C792 /* SearchBar.swift in Sources */ = {isa = PBXBuildFile; fileRef = 3614962427CBD2510038C792 /* SearchBar.swift */; };
		3614962827CBDC070038C792 /* SearchTVC.swift in Sources */ = {isa = PBXBuildFile; fileRef = 3614962727CBDC070038C792 /* SearchTVC.swift */; };
		36F91FC927C9F59A00EA4937 /* AppDelegate.swift in Sources */ = {isa = PBXBuildFile; fileRef = 36F91FC827C9F59A00EA4937 /* AppDelegate.swift */; };
		36F91FCB27C9F59A00EA4937 /* SceneDelegate.swift in Sources */ = {isa = PBXBuildFile; fileRef = 36F91FCA27C9F59A00EA4937 /* SceneDelegate.swift */; };
		36F91FD227C9F59B00EA4937 /* Assets.xcassets in Resources */ = {isa = PBXBuildFile; fileRef = 36F91FD127C9F59B00EA4937 /* Assets.xcassets */; };
		36F91FD527C9F59B00EA4937 /* LaunchScreen.storyboard in Resources */ = {isa = PBXBuildFile; fileRef = 36F91FD327C9F59B00EA4937 /* LaunchScreen.storyboard */; };
		36F91FE227C9FB1B00EA4937 /* HomeVC.swift in Sources */ = {isa = PBXBuildFile; fileRef = 36F91FE127C9FB1B00EA4937 /* HomeVC.swift */; };
		36F91FE627C9FD8300EA4937 /* Date+.swift in Sources */ = {isa = PBXBuildFile; fileRef = 36F91FE527C9FD8300EA4937 /* Date+.swift */; };
		36F91FE827C9FE0100EA4937 /* UICollectionView+.swift in Sources */ = {isa = PBXBuildFile; fileRef = 36F91FE727C9FE0100EA4937 /* UICollectionView+.swift */; };
		36F91FEA27C9FE1000EA4937 /* UIColor+.swift in Sources */ = {isa = PBXBuildFile; fileRef = 36F91FE927C9FE1000EA4937 /* UIColor+.swift */; };
		36F91FEF27C9FFC300EA4937 /* GmarketSansBold.otf in Resources */ = {isa = PBXBuildFile; fileRef = 36F91FEC27C9FFC300EA4937 /* GmarketSansBold.otf */; };
		36F91FF027C9FFC300EA4937 /* GmarketSansMedium.otf in Resources */ = {isa = PBXBuildFile; fileRef = 36F91FED27C9FFC300EA4937 /* GmarketSansMedium.otf */; };
		36F91FF127C9FFC300EA4937 /* GmarketSansLight.otf in Resources */ = {isa = PBXBuildFile; fileRef = 36F91FEE27C9FFC300EA4937 /* GmarketSansLight.otf */; };
		36F91FF327CA002300EA4937 /* UIFont+.swift in Sources */ = {isa = PBXBuildFile; fileRef = 36F91FF227CA002300EA4937 /* UIFont+.swift */; };
		36F91FF527CA00EB00EA4937 /* UIScreen+.swift in Sources */ = {isa = PBXBuildFile; fileRef = 36F91FF427CA00EB00EA4937 /* UIScreen+.swift */; };
		36F91FF727CA014F00EA4937 /* UITextField+.swift in Sources */ = {isa = PBXBuildFile; fileRef = 36F91FF627CA014F00EA4937 /* UITextField+.swift */; };
		36F91FF927CA018E00EA4937 /* UIView+.swift in Sources */ = {isa = PBXBuildFile; fileRef = 36F91FF827CA018E00EA4937 /* UIView+.swift */; };
		36F91FFC27CA244A00EA4937 /* LocationLabel.swift in Sources */ = {isa = PBXBuildFile; fileRef = 36F91FFB27CA244A00EA4937 /* LocationLabel.swift */; };
		36F91FFE27CA2A3500EA4937 /* UILabel+.swift in Sources */ = {isa = PBXBuildFile; fileRef = 36F91FFD27CA2A3500EA4937 /* UILabel+.swift */; };
		36F9200027CA306200EA4937 /* WeatherDiscriptionView.swift in Sources */ = {isa = PBXBuildFile; fileRef = 36F91FFF27CA306200EA4937 /* WeatherDiscriptionView.swift */; };
		36F9200427CA5B3E00EA4937 /* CollectionHeaderView.swift in Sources */ = {isa = PBXBuildFile; fileRef = 36F9200327CA5B3E00EA4937 /* CollectionHeaderView.swift */; };
		36F9200627CA7AB300EA4937 /* ThemeButton.swift in Sources */ = {isa = PBXBuildFile; fileRef = 36F9200527CA7AB300EA4937 /* ThemeButton.swift */; };
		36F9200A27CA7F0C00EA4937 /* RecommendCVC.swift in Sources */ = {isa = PBXBuildFile; fileRef = 36F9200927CA7F0C00EA4937 /* RecommendCVC.swift */; };
/* End PBXBuildFile section */

/* Begin PBXFileReference section */
		3614961427CBCBC40038C792 /* Constans.swift */ = {isa = PBXFileReference; lastKnownFileType = sourcecode.swift; path = Constans.swift; sourceTree = "<group>"; };
		3614961627CBCC460038C792 /* NetworkResult.swift */ = {isa = PBXFileReference; lastKnownFileType = sourcecode.swift; path = NetworkResult.swift; sourceTree = "<group>"; };
		3614961827CBCC690038C792 /* WeatherDataModel.swift */ = {isa = PBXFileReference; lastKnownFileType = sourcecode.swift; path = WeatherDataModel.swift; sourceTree = "<group>"; };
		3614961A27CBCC8C0038C792 /* LocationModel.swift */ = {isa = PBXFileReference; lastKnownFileType = sourcecode.swift; path = LocationModel.swift; sourceTree = "<group>"; };
		3614961C27CBCD240038C792 /* GetWeatherDataService.swift */ = {isa = PBXFileReference; lastKnownFileType = sourcecode.swift; path = GetWeatherDataService.swift; sourceTree = "<group>"; };
		3614961F27CBCF8E0038C792 /* SecureURL.swift */ = {isa = PBXFileReference; lastKnownFileType = sourcecode.swift; path = SecureURL.swift; sourceTree = "<group>"; };
		3614962227CBD2270038C792 /* BottomSheetView.swift */ = {isa = PBXFileReference; lastKnownFileType = sourcecode.swift; path = BottomSheetView.swift; sourceTree = "<group>"; };
		3614962427CBD2510038C792 /* SearchBar.swift */ = {isa = PBXFileReference; lastKnownFileType = sourcecode.swift; path = SearchBar.swift; sourceTree = "<group>"; };
		3614962727CBDC070038C792 /* SearchTVC.swift */ = {isa = PBXFileReference; lastKnownFileType = sourcecode.swift; path = SearchTVC.swift; sourceTree = "<group>"; };
		36F91FC527C9F59A00EA4937 /* weather-doll.app */ = {isa = PBXFileReference; explicitFileType = wrapper.application; includeInIndex = 0; path = "weather-doll.app"; sourceTree = BUILT_PRODUCTS_DIR; };
		36F91FC827C9F59A00EA4937 /* AppDelegate.swift */ = {isa = PBXFileReference; lastKnownFileType = sourcecode.swift; path = AppDelegate.swift; sourceTree = "<group>"; };
		36F91FCA27C9F59A00EA4937 /* SceneDelegate.swift */ = {isa = PBXFileReference; lastKnownFileType = sourcecode.swift; path = SceneDelegate.swift; sourceTree = "<group>"; };
		36F91FD127C9F59B00EA4937 /* Assets.xcassets */ = {isa = PBXFileReference; lastKnownFileType = folder.assetcatalog; path = Assets.xcassets; sourceTree = "<group>"; };
		36F91FD427C9F59B00EA4937 /* Base */ = {isa = PBXFileReference; lastKnownFileType = file.storyboard; name = Base; path = Base.lproj/LaunchScreen.storyboard; sourceTree = "<group>"; };
		36F91FD627C9F59B00EA4937 /* Info.plist */ = {isa = PBXFileReference; lastKnownFileType = text.plist.xml; path = Info.plist; sourceTree = "<group>"; };
		36F91FE127C9FB1B00EA4937 /* HomeVC.swift */ = {isa = PBXFileReference; lastKnownFileType = sourcecode.swift; path = HomeVC.swift; sourceTree = "<group>"; };
		36F91FE527C9FD8300EA4937 /* Date+.swift */ = {isa = PBXFileReference; lastKnownFileType = sourcecode.swift; path = "Date+.swift"; sourceTree = "<group>"; };
		36F91FE727C9FE0100EA4937 /* UICollectionView+.swift */ = {isa = PBXFileReference; lastKnownFileType = sourcecode.swift; path = "UICollectionView+.swift"; sourceTree = "<group>"; };
		36F91FE927C9FE1000EA4937 /* UIColor+.swift */ = {isa = PBXFileReference; lastKnownFileType = sourcecode.swift; path = "UIColor+.swift"; sourceTree = "<group>"; };
		36F91FEC27C9FFC300EA4937 /* GmarketSansBold.otf */ = {isa = PBXFileReference; lastKnownFileType = file; path = GmarketSansBold.otf; sourceTree = "<group>"; };
		36F91FED27C9FFC300EA4937 /* GmarketSansMedium.otf */ = {isa = PBXFileReference; lastKnownFileType = file; path = GmarketSansMedium.otf; sourceTree = "<group>"; };
		36F91FEE27C9FFC300EA4937 /* GmarketSansLight.otf */ = {isa = PBXFileReference; lastKnownFileType = file; path = GmarketSansLight.otf; sourceTree = "<group>"; };
		36F91FF227CA002300EA4937 /* UIFont+.swift */ = {isa = PBXFileReference; lastKnownFileType = sourcecode.swift; path = "UIFont+.swift"; sourceTree = "<group>"; };
		36F91FF427CA00EB00EA4937 /* UIScreen+.swift */ = {isa = PBXFileReference; lastKnownFileType = sourcecode.swift; path = "UIScreen+.swift"; sourceTree = "<group>"; };
		36F91FF627CA014F00EA4937 /* UITextField+.swift */ = {isa = PBXFileReference; lastKnownFileType = sourcecode.swift; path = "UITextField+.swift"; sourceTree = "<group>"; };
		36F91FF827CA018E00EA4937 /* UIView+.swift */ = {isa = PBXFileReference; lastKnownFileType = sourcecode.swift; path = "UIView+.swift"; sourceTree = "<group>"; };
		36F91FFB27CA244A00EA4937 /* LocationLabel.swift */ = {isa = PBXFileReference; lastKnownFileType = sourcecode.swift; path = LocationLabel.swift; sourceTree = "<group>"; };
		36F91FFD27CA2A3500EA4937 /* UILabel+.swift */ = {isa = PBXFileReference; lastKnownFileType = sourcecode.swift; path = "UILabel+.swift"; sourceTree = "<group>"; };
		36F91FFF27CA306200EA4937 /* WeatherDiscriptionView.swift */ = {isa = PBXFileReference; lastKnownFileType = sourcecode.swift; path = WeatherDiscriptionView.swift; sourceTree = "<group>"; };
		36F9200327CA5B3E00EA4937 /* CollectionHeaderView.swift */ = {isa = PBXFileReference; lastKnownFileType = sourcecode.swift; path = CollectionHeaderView.swift; sourceTree = "<group>"; };
		36F9200527CA7AB300EA4937 /* ThemeButton.swift */ = {isa = PBXFileReference; lastKnownFileType = sourcecode.swift; path = ThemeButton.swift; sourceTree = "<group>"; };
		36F9200927CA7F0C00EA4937 /* RecommendCVC.swift */ = {isa = PBXFileReference; lastKnownFileType = sourcecode.swift; path = RecommendCVC.swift; sourceTree = "<group>"; };
		729EC69F1F48CF0766A6B718 /* Pods-weather-doll.release.xcconfig */ = {isa = PBXFileReference; includeInIndex = 1; lastKnownFileType = text.xcconfig; name = "Pods-weather-doll.release.xcconfig"; path = "Target Support Files/Pods-weather-doll/Pods-weather-doll.release.xcconfig"; sourceTree = "<group>"; };
		8496038D30436B7320DBED22 /* Pods_weather_doll.framework */ = {isa = PBXFileReference; explicitFileType = wrapper.framework; includeInIndex = 0; path = Pods_weather_doll.framework; sourceTree = BUILT_PRODUCTS_DIR; };
		DE657BF524C4BB9027B24842 /* Pods-weather-doll.debug.xcconfig */ = {isa = PBXFileReference; includeInIndex = 1; lastKnownFileType = text.xcconfig; name = "Pods-weather-doll.debug.xcconfig"; path = "Target Support Files/Pods-weather-doll/Pods-weather-doll.debug.xcconfig"; sourceTree = "<group>"; };
/* End PBXFileReference section */

/* Begin PBXFrameworksBuildPhase section */
		36F91FC227C9F59A00EA4937 /* Frameworks */ = {
			isa = PBXFrameworksBuildPhase;
			buildActionMask = 2147483647;
			files = (
				03F7F2434AB90BAF7E9C19FB /* Pods_weather_doll.framework in Frameworks */,
			);
			runOnlyForDeploymentPostprocessing = 0;
		};
/* End PBXFrameworksBuildPhase section */

/* Begin PBXGroup section */
		3614961227CBCB900038C792 /* Service */ = {
			isa = PBXGroup;
			children = (
				3614961427CBCBC40038C792 /* Constans.swift */,
				3614961627CBCC460038C792 /* NetworkResult.swift */,
				3614961C27CBCD240038C792 /* GetWeatherDataService.swift */,
			);
			path = Service;
			sourceTree = "<group>";
		};
		3614961327CBCB9E0038C792 /* Models */ = {
			isa = PBXGroup;
			children = (
				3614961827CBCC690038C792 /* WeatherDataModel.swift */,
				3614961A27CBCC8C0038C792 /* LocationModel.swift */,
				3614961F27CBCF8E0038C792 /* SecureURL.swift */,
			);
			path = Models;
			sourceTree = "<group>";
		};
		3614962127CBD2140038C792 /* BottomSheet */ = {
			isa = PBXGroup;
			children = (
				3614962227CBD2270038C792 /* BottomSheetView.swift */,
				3614962427CBD2510038C792 /* SearchBar.swift */,
			);
			path = BottomSheet;
			sourceTree = "<group>";
		};
		3614962627CBDBEA0038C792 /* TVCs */ = {
			isa = PBXGroup;
			children = (
				3614962727CBDC070038C792 /* SearchTVC.swift */,
			);
			path = TVCs;
			sourceTree = "<group>";
		};
		36F91FBC27C9F59A00EA4937 = {
			isa = PBXGroup;
			children = (
				36F91FC727C9F59A00EA4937 /* weather-doll */,
				36F91FC627C9F59A00EA4937 /* Products */,
				F9EBF70045DA319A6A59761E /* Pods */,
				6787248E794BE238B4C5C9E4 /* Frameworks */,
			);
			sourceTree = "<group>";
		};
		36F91FC627C9F59A00EA4937 /* Products */ = {
			isa = PBXGroup;
			children = (
				36F91FC527C9F59A00EA4937 /* weather-doll.app */,
			);
			name = Products;
			sourceTree = "<group>";
		};
		36F91FC727C9F59A00EA4937 /* weather-doll */ = {
			isa = PBXGroup;
			children = (
				36F91FDC27C9FA2300EA4937 /* Source */,
				36F91FDD27C9FA2F00EA4937 /* Resource */,
			);
			path = "weather-doll";
			sourceTree = "<group>";
		};
		36F91FDC27C9FA2300EA4937 /* Source */ = {
			isa = PBXGroup;
			children = (
				3614961327CBCB9E0038C792 /* Models */,
				3614961227CBCB900038C792 /* Service */,
				36F9200727CA7EF000EA4937 /* Cells */,
				36F91FFA27CA242F00EA4937 /* Components */,
				36F91FE427C9FD6000EA4937 /* Extensions */,
				36F91FE027C9FA8600EA4937 /* Vcs */,
				36F91FDE27C9FA4F00EA4937 /* Support */,
			);
			path = Source;
			sourceTree = "<group>";
		};
		36F91FDD27C9FA2F00EA4937 /* Resource */ = {
			isa = PBXGroup;
			children = (
				36F91FEB27C9FFA500EA4937 /* Font */,
				36F91FD127C9F59B00EA4937 /* Assets.xcassets */,
				36F91FD627C9F59B00EA4937 /* Info.plist */,
				36F91FDF27C9FA6900EA4937 /* Storyboard */,
			);
			path = Resource;
			sourceTree = "<group>";
		};
		36F91FDE27C9FA4F00EA4937 /* Support */ = {
			isa = PBXGroup;
			children = (
				36F91FC827C9F59A00EA4937 /* AppDelegate.swift */,
				36F91FCA27C9F59A00EA4937 /* SceneDelegate.swift */,
			);
			path = Support;
			sourceTree = "<group>";
		};
		36F91FDF27C9FA6900EA4937 /* Storyboard */ = {
			isa = PBXGroup;
			children = (
				36F91FD327C9F59B00EA4937 /* LaunchScreen.storyboard */,
			);
			path = Storyboard;
			sourceTree = "<group>";
		};
		36F91FE027C9FA8600EA4937 /* Vcs */ = {
			isa = PBXGroup;
			children = (
				36F91FE327C9FB1E00EA4937 /* Home */,
			);
			path = Vcs;
			sourceTree = "<group>";
		};
		36F91FE327C9FB1E00EA4937 /* Home */ = {
			isa = PBXGroup;
			children = (
				36F91FE127C9FB1B00EA4937 /* HomeVC.swift */,
			);
			path = Home;
			sourceTree = "<group>";
		};
		36F91FE427C9FD6000EA4937 /* Extensions */ = {
			isa = PBXGroup;
			children = (
				36F91FE527C9FD8300EA4937 /* Date+.swift */,
				36F91FE727C9FE0100EA4937 /* UICollectionView+.swift */,
				36F91FE927C9FE1000EA4937 /* UIColor+.swift */,
				36F91FF227CA002300EA4937 /* UIFont+.swift */,
				36F91FF427CA00EB00EA4937 /* UIScreen+.swift */,
				36F91FF627CA014F00EA4937 /* UITextField+.swift */,
				36F91FF827CA018E00EA4937 /* UIView+.swift */,
				36F91FFD27CA2A3500EA4937 /* UILabel+.swift */,
			);
			path = Extensions;
			sourceTree = "<group>";
		};
		36F91FEB27C9FFA500EA4937 /* Font */ = {
			isa = PBXGroup;
			children = (
				36F91FEC27C9FFC300EA4937 /* GmarketSansBold.otf */,
				36F91FEE27C9FFC300EA4937 /* GmarketSansLight.otf */,
				36F91FED27C9FFC300EA4937 /* GmarketSansMedium.otf */,
			);
			path = Font;
			sourceTree = "<group>";
		};
		36F91FFA27CA242F00EA4937 /* Components */ = {
			isa = PBXGroup;
			children = (
				3614962127CBD2140038C792 /* BottomSheet */,
				36F9200227CA5B2400EA4937 /* HomeRecommend */,
				36F9200127CA5B1600EA4937 /* HomeTopView */,
			);
			path = Components;
			sourceTree = "<group>";
		};
		36F9200127CA5B1600EA4937 /* HomeTopView */ = {
			isa = PBXGroup;
			children = (
				36F91FFB27CA244A00EA4937 /* LocationLabel.swift */,
				36F91FFF27CA306200EA4937 /* WeatherDiscriptionView.swift */,
			);
			path = HomeTopView;
			sourceTree = "<group>";
		};
		36F9200227CA5B2400EA4937 /* HomeRecommend */ = {
			isa = PBXGroup;
			children = (
				36F9200327CA5B3E00EA4937 /* CollectionHeaderView.swift */,
				36F9200527CA7AB300EA4937 /* ThemeButton.swift */,
			);
			path = HomeRecommend;
			sourceTree = "<group>";
		};
		36F9200727CA7EF000EA4937 /* Cells */ = {
			isa = PBXGroup;
			children = (
				3614962627CBDBEA0038C792 /* TVCs */,
				36F9200827CA7EF800EA4937 /* CVCs */,
			);
			path = Cells;
			sourceTree = "<group>";
		};
		36F9200827CA7EF800EA4937 /* CVCs */ = {
			isa = PBXGroup;
			children = (
				36F9200927CA7F0C00EA4937 /* RecommendCVC.swift */,
			);
			path = CVCs;
			sourceTree = "<group>";
		};
		6787248E794BE238B4C5C9E4 /* Frameworks */ = {
			isa = PBXGroup;
			children = (
				8496038D30436B7320DBED22 /* Pods_weather_doll.framework */,
			);
			name = Frameworks;
			sourceTree = "<group>";
		};
		F9EBF70045DA319A6A59761E /* Pods */ = {
			isa = PBXGroup;
			children = (
				DE657BF524C4BB9027B24842 /* Pods-weather-doll.debug.xcconfig */,
				729EC69F1F48CF0766A6B718 /* Pods-weather-doll.release.xcconfig */,
			);
			path = Pods;
			sourceTree = "<group>";
		};
/* End PBXGroup section */

/* Begin PBXNativeTarget section */
		36F91FC427C9F59A00EA4937 /* weather-doll */ = {
			isa = PBXNativeTarget;
			buildConfigurationList = 36F91FD927C9F59B00EA4937 /* Build configuration list for PBXNativeTarget "weather-doll" */;
			buildPhases = (
				CCF3386213D0357798E3B5AE /* [CP] Check Pods Manifest.lock */,
				36F91FC127C9F59A00EA4937 /* Sources */,
				36F91FC227C9F59A00EA4937 /* Frameworks */,
				36F91FC327C9F59A00EA4937 /* Resources */,
				F77CBDAA1749FC4189AD36E6 /* [CP] Embed Pods Frameworks */,
			);
			buildRules = (
			);
			dependencies = (
			);
			name = "weather-doll";
			productName = "weather-doll";
			productReference = 36F91FC527C9F59A00EA4937 /* weather-doll.app */;
			productType = "com.apple.product-type.application";
		};
/* End PBXNativeTarget section */

/* Begin PBXProject section */
		36F91FBD27C9F59A00EA4937 /* Project object */ = {
			isa = PBXProject;
			attributes = {
				BuildIndependentTargetsInParallel = 1;
				LastSwiftUpdateCheck = 1320;
				LastUpgradeCheck = 1320;
				TargetAttributes = {
					36F91FC427C9F59A00EA4937 = {
						CreatedOnToolsVersion = 13.2.1;
					};
				};
			};
			buildConfigurationList = 36F91FC027C9F59A00EA4937 /* Build configuration list for PBXProject "weather-doll" */;
			compatibilityVersion = "Xcode 13.0";
			developmentRegion = en;
			hasScannedForEncodings = 0;
			knownRegions = (
				en,
				Base,
			);
			mainGroup = 36F91FBC27C9F59A00EA4937;
			productRefGroup = 36F91FC627C9F59A00EA4937 /* Products */;
			projectDirPath = "";
			projectRoot = "";
			targets = (
				36F91FC427C9F59A00EA4937 /* weather-doll */,
			);
		};
/* End PBXProject section */

/* Begin PBXResourcesBuildPhase section */
		36F91FC327C9F59A00EA4937 /* Resources */ = {
			isa = PBXResourcesBuildPhase;
			buildActionMask = 2147483647;
			files = (
				36F91FD527C9F59B00EA4937 /* LaunchScreen.storyboard in Resources */,
				36F91FF027C9FFC300EA4937 /* GmarketSansMedium.otf in Resources */,
				36F91FF127C9FFC300EA4937 /* GmarketSansLight.otf in Resources */,
				36F91FEF27C9FFC300EA4937 /* GmarketSansBold.otf in Resources */,
				36F91FD227C9F59B00EA4937 /* Assets.xcassets in Resources */,
			);
			runOnlyForDeploymentPostprocessing = 0;
		};
/* End PBXResourcesBuildPhase section */

/* Begin PBXShellScriptBuildPhase section */
		CCF3386213D0357798E3B5AE /* [CP] Check Pods Manifest.lock */ = {
			isa = PBXShellScriptBuildPhase;
			buildActionMask = 2147483647;
			files = (
			);
			inputFileListPaths = (
			);
			inputPaths = (
				"${PODS_PODFILE_DIR_PATH}/Podfile.lock",
				"${PODS_ROOT}/Manifest.lock",
			);
			name = "[CP] Check Pods Manifest.lock";
			outputFileListPaths = (
			);
			outputPaths = (
				"$(DERIVED_FILE_DIR)/Pods-weather-doll-checkManifestLockResult.txt",
			);
			runOnlyForDeploymentPostprocessing = 0;
			shellPath = /bin/sh;
			shellScript = "diff \"${PODS_PODFILE_DIR_PATH}/Podfile.lock\" \"${PODS_ROOT}/Manifest.lock\" > /dev/null\nif [ $? != 0 ] ; then\n    # print error to STDERR\n    echo \"error: The sandbox is not in sync with the Podfile.lock. Run 'pod install' or update your CocoaPods installation.\" >&2\n    exit 1\nfi\n# This output is used by Xcode 'outputs' to avoid re-running this script phase.\necho \"SUCCESS\" > \"${SCRIPT_OUTPUT_FILE_0}\"\n";
			showEnvVarsInLog = 0;
		};
		F77CBDAA1749FC4189AD36E6 /* [CP] Embed Pods Frameworks */ = {
			isa = PBXShellScriptBuildPhase;
			buildActionMask = 2147483647;
			files = (
			);
			inputFileListPaths = (
				"${PODS_ROOT}/Target Support Files/Pods-weather-doll/Pods-weather-doll-frameworks-${CONFIGURATION}-input-files.xcfilelist",
			);
			name = "[CP] Embed Pods Frameworks";
			outputFileListPaths = (
				"${PODS_ROOT}/Target Support Files/Pods-weather-doll/Pods-weather-doll-frameworks-${CONFIGURATION}-output-files.xcfilelist",
			);
			runOnlyForDeploymentPostprocessing = 0;
			shellPath = /bin/sh;
			shellScript = "\"${PODS_ROOT}/Target Support Files/Pods-weather-doll/Pods-weather-doll-frameworks.sh\"\n";
			showEnvVarsInLog = 0;
		};
/* End PBXShellScriptBuildPhase section */

/* Begin PBXSourcesBuildPhase section */
		36F91FC127C9F59A00EA4937 /* Sources */ = {
			isa = PBXSourcesBuildPhase;
			buildActionMask = 2147483647;
			files = (
				36F91FFC27CA244A00EA4937 /* LocationLabel.swift in Sources */,
				36F91FE227C9FB1B00EA4937 /* HomeVC.swift in Sources */,
				36F91FC927C9F59A00EA4937 /* AppDelegate.swift in Sources */,
				3614961727CBCC460038C792 /* NetworkResult.swift in Sources */,
				3614961927CBCC690038C792 /* WeatherDataModel.swift in Sources */,
				3614962827CBDC070038C792 /* SearchTVC.swift in Sources */,
				3614962527CBD2510038C792 /* SearchBar.swift in Sources */,
				36F9200A27CA7F0C00EA4937 /* RecommendCVC.swift in Sources */,
				36F91FF727CA014F00EA4937 /* UITextField+.swift in Sources */,
				36F91FCB27C9F59A00EA4937 /* SceneDelegate.swift in Sources */,
				3614961B27CBCC8C0038C792 /* LocationModel.swift in Sources */,
				36F91FF927CA018E00EA4937 /* UIView+.swift in Sources */,
				3614962027CBCF8E0038C792 /* SecureURL.swift in Sources */,
				36F91FFE27CA2A3500EA4937 /* UILabel+.swift in Sources */,
				36F91FF527CA00EB00EA4937 /* UIScreen+.swift in Sources */,
				36F91FF327CA002300EA4937 /* UIFont+.swift in Sources */,
				3614962327CBD2270038C792 /* BottomSheetView.swift in Sources */,
				36F91FE627C9FD8300EA4937 /* Date+.swift in Sources */,
				3614961527CBCBC40038C792 /* Constans.swift in Sources */,
				36F91FE827C9FE0100EA4937 /* UICollectionView+.swift in Sources */,
				36F9200427CA5B3E00EA4937 /* CollectionHeaderView.swift in Sources */,
				36F91FEA27C9FE1000EA4937 /* UIColor+.swift in Sources */,
				36F9200027CA306200EA4937 /* WeatherDiscriptionView.swift in Sources */,
				36F9200627CA7AB300EA4937 /* ThemeButton.swift in Sources */,
				3614961D27CBCD240038C792 /* GetWeatherDataService.swift in Sources */,
			);
			runOnlyForDeploymentPostprocessing = 0;
		};
/* End PBXSourcesBuildPhase section */

/* Begin PBXVariantGroup section */
		36F91FD327C9F59B00EA4937 /* LaunchScreen.storyboard */ = {
			isa = PBXVariantGroup;
			children = (
				36F91FD427C9F59B00EA4937 /* Base */,
			);
			name = LaunchScreen.storyboard;
			sourceTree = "<group>";
		};
/* End PBXVariantGroup section */

/* Begin XCBuildConfiguration section */
		36F91FD727C9F59B00EA4937 /* Debug */ = {
			isa = XCBuildConfiguration;
			buildSettings = {
				ALWAYS_SEARCH_USER_PATHS = NO;
				CLANG_ANALYZER_NONNULL = YES;
				CLANG_ANALYZER_NUMBER_OBJECT_CONVERSION = YES_AGGRESSIVE;
				CLANG_CXX_LANGUAGE_STANDARD = "gnu++17";
				CLANG_CXX_LIBRARY = "libc++";
				CLANG_ENABLE_MODULES = YES;
				CLANG_ENABLE_OBJC_ARC = YES;
				CLANG_ENABLE_OBJC_WEAK = YES;
				CLANG_WARN_BLOCK_CAPTURE_AUTORELEASING = YES;
				CLANG_WARN_BOOL_CONVERSION = YES;
				CLANG_WARN_COMMA = YES;
				CLANG_WARN_CONSTANT_CONVERSION = YES;
				CLANG_WARN_DEPRECATED_OBJC_IMPLEMENTATIONS = YES;
				CLANG_WARN_DIRECT_OBJC_ISA_USAGE = YES_ERROR;
				CLANG_WARN_DOCUMENTATION_COMMENTS = YES;
				CLANG_WARN_EMPTY_BODY = YES;
				CLANG_WARN_ENUM_CONVERSION = YES;
				CLANG_WARN_INFINITE_RECURSION = YES;
				CLANG_WARN_INT_CONVERSION = YES;
				CLANG_WARN_NON_LITERAL_NULL_CONVERSION = YES;
				CLANG_WARN_OBJC_IMPLICIT_RETAIN_SELF = YES;
				CLANG_WARN_OBJC_LITERAL_CONVERSION = YES;
				CLANG_WARN_OBJC_ROOT_CLASS = YES_ERROR;
				CLANG_WARN_QUOTED_INCLUDE_IN_FRAMEWORK_HEADER = YES;
				CLANG_WARN_RANGE_LOOP_ANALYSIS = YES;
				CLANG_WARN_STRICT_PROTOTYPES = YES;
				CLANG_WARN_SUSPICIOUS_MOVE = YES;
				CLANG_WARN_UNGUARDED_AVAILABILITY = YES_AGGRESSIVE;
				CLANG_WARN_UNREACHABLE_CODE = YES;
				CLANG_WARN__DUPLICATE_METHOD_MATCH = YES;
				COPY_PHASE_STRIP = NO;
				DEBUG_INFORMATION_FORMAT = dwarf;
				ENABLE_STRICT_OBJC_MSGSEND = YES;
				ENABLE_TESTABILITY = YES;
				GCC_C_LANGUAGE_STANDARD = gnu11;
				GCC_DYNAMIC_NO_PIC = NO;
				GCC_NO_COMMON_BLOCKS = YES;
				GCC_OPTIMIZATION_LEVEL = 0;
				GCC_PREPROCESSOR_DEFINITIONS = (
					"DEBUG=1",
					"$(inherited)",
				);
				GCC_WARN_64_TO_32_BIT_CONVERSION = YES;
				GCC_WARN_ABOUT_RETURN_TYPE = YES_ERROR;
				GCC_WARN_UNDECLARED_SELECTOR = YES;
				GCC_WARN_UNINITIALIZED_AUTOS = YES_AGGRESSIVE;
				GCC_WARN_UNUSED_FUNCTION = YES;
				GCC_WARN_UNUSED_VARIABLE = YES;
				IPHONEOS_DEPLOYMENT_TARGET = 15.2;
				MTL_ENABLE_DEBUG_INFO = INCLUDE_SOURCE;
				MTL_FAST_MATH = YES;
				ONLY_ACTIVE_ARCH = YES;
				SDKROOT = iphoneos;
				SWIFT_ACTIVE_COMPILATION_CONDITIONS = DEBUG;
				SWIFT_OPTIMIZATION_LEVEL = "-Onone";
			};
			name = Debug;
		};
		36F91FD827C9F59B00EA4937 /* Release */ = {
			isa = XCBuildConfiguration;
			buildSettings = {
				ALWAYS_SEARCH_USER_PATHS = NO;
				CLANG_ANALYZER_NONNULL = YES;
				CLANG_ANALYZER_NUMBER_OBJECT_CONVERSION = YES_AGGRESSIVE;
				CLANG_CXX_LANGUAGE_STANDARD = "gnu++17";
				CLANG_CXX_LIBRARY = "libc++";
				CLANG_ENABLE_MODULES = YES;
				CLANG_ENABLE_OBJC_ARC = YES;
				CLANG_ENABLE_OBJC_WEAK = YES;
				CLANG_WARN_BLOCK_CAPTURE_AUTORELEASING = YES;
				CLANG_WARN_BOOL_CONVERSION = YES;
				CLANG_WARN_COMMA = YES;
				CLANG_WARN_CONSTANT_CONVERSION = YES;
				CLANG_WARN_DEPRECATED_OBJC_IMPLEMENTATIONS = YES;
				CLANG_WARN_DIRECT_OBJC_ISA_USAGE = YES_ERROR;
				CLANG_WARN_DOCUMENTATION_COMMENTS = YES;
				CLANG_WARN_EMPTY_BODY = YES;
				CLANG_WARN_ENUM_CONVERSION = YES;
				CLANG_WARN_INFINITE_RECURSION = YES;
				CLANG_WARN_INT_CONVERSION = YES;
				CLANG_WARN_NON_LITERAL_NULL_CONVERSION = YES;
				CLANG_WARN_OBJC_IMPLICIT_RETAIN_SELF = YES;
				CLANG_WARN_OBJC_LITERAL_CONVERSION = YES;
				CLANG_WARN_OBJC_ROOT_CLASS = YES_ERROR;
				CLANG_WARN_QUOTED_INCLUDE_IN_FRAMEWORK_HEADER = YES;
				CLANG_WARN_RANGE_LOOP_ANALYSIS = YES;
				CLANG_WARN_STRICT_PROTOTYPES = YES;
				CLANG_WARN_SUSPICIOUS_MOVE = YES;
				CLANG_WARN_UNGUARDED_AVAILABILITY = YES_AGGRESSIVE;
				CLANG_WARN_UNREACHABLE_CODE = YES;
				CLANG_WARN__DUPLICATE_METHOD_MATCH = YES;
				COPY_PHASE_STRIP = NO;
				DEBUG_INFORMATION_FORMAT = "dwarf-with-dsym";
				ENABLE_NS_ASSERTIONS = NO;
				ENABLE_STRICT_OBJC_MSGSEND = YES;
				GCC_C_LANGUAGE_STANDARD = gnu11;
				GCC_NO_COMMON_BLOCKS = YES;
				GCC_WARN_64_TO_32_BIT_CONVERSION = YES;
				GCC_WARN_ABOUT_RETURN_TYPE = YES_ERROR;
				GCC_WARN_UNDECLARED_SELECTOR = YES;
				GCC_WARN_UNINITIALIZED_AUTOS = YES_AGGRESSIVE;
				GCC_WARN_UNUSED_FUNCTION = YES;
				GCC_WARN_UNUSED_VARIABLE = YES;
				IPHONEOS_DEPLOYMENT_TARGET = 15.2;
				MTL_ENABLE_DEBUG_INFO = NO;
				MTL_FAST_MATH = YES;
				SDKROOT = iphoneos;
				SWIFT_COMPILATION_MODE = wholemodule;
				SWIFT_OPTIMIZATION_LEVEL = "-O";
				VALIDATE_PRODUCT = YES;
			};
			name = Release;
		};
		36F91FDA27C9F59B00EA4937 /* Debug */ = {
			isa = XCBuildConfiguration;
			baseConfigurationReference = DE657BF524C4BB9027B24842 /* Pods-weather-doll.debug.xcconfig */;
			buildSettings = {
				ASSETCATALOG_COMPILER_APPICON_NAME = AppIcon;
				ASSETCATALOG_COMPILER_GLOBAL_ACCENT_COLOR_NAME = AccentColor;
				CODE_SIGN_STYLE = Automatic;
				CURRENT_PROJECT_VERSION = 1;
				DEVELOPMENT_TEAM = U24ZACT97M;
				GENERATE_INFOPLIST_FILE = YES;
				INFOPLIST_FILE = "weather-doll/Resource/Info.plist";
				INFOPLIST_KEY_UIApplicationSupportsIndirectInputEvents = YES;
				INFOPLIST_KEY_UILaunchStoryboardName = LaunchScreen;
				INFOPLIST_KEY_UIMainStoryboardFile = LaunchScreen;
				INFOPLIST_KEY_UISupportedInterfaceOrientations_iPad = "UIInterfaceOrientationPortrait UIInterfaceOrientationPortraitUpsideDown UIInterfaceOrientationLandscapeLeft UIInterfaceOrientationLandscapeRight";
				INFOPLIST_KEY_UISupportedInterfaceOrientations_iPhone = "UIInterfaceOrientationPortrait UIInterfaceOrientationLandscapeLeft UIInterfaceOrientationLandscapeRight";
				LD_RUNPATH_SEARCH_PATHS = (
					"$(inherited)",
					"@executable_path/Frameworks",
				);
				MARKETING_VERSION = 1.0;
				PRODUCT_BUNDLE_IDENTIFIER = "weather-doll";
				PRODUCT_NAME = "$(TARGET_NAME)";
				SWIFT_EMIT_LOC_STRINGS = YES;
				SWIFT_VERSION = 5.0;
				TARGETED_DEVICE_FAMILY = "1,2";
			};
			name = Debug;
		};
		36F91FDB27C9F59B00EA4937 /* Release */ = {
			isa = XCBuildConfiguration;
			baseConfigurationReference = 729EC69F1F48CF0766A6B718 /* Pods-weather-doll.release.xcconfig */;
			buildSettings = {
				ASSETCATALOG_COMPILER_APPICON_NAME = AppIcon;
				ASSETCATALOG_COMPILER_GLOBAL_ACCENT_COLOR_NAME = AccentColor;
				CODE_SIGN_STYLE = Automatic;
				CURRENT_PROJECT_VERSION = 1;
				DEVELOPMENT_TEAM = U24ZACT97M;
				GENERATE_INFOPLIST_FILE = YES;
				INFOPLIST_FILE = "weather-doll/Resource/Info.plist";
				INFOPLIST_KEY_UIApplicationSupportsIndirectInputEvents = YES;
				INFOPLIST_KEY_UILaunchStoryboardName = LaunchScreen;
				INFOPLIST_KEY_UIMainStoryboardFile = LaunchScreen;
				INFOPLIST_KEY_UISupportedInterfaceOrientations_iPad = "UIInterfaceOrientationPortrait UIInterfaceOrientationPortraitUpsideDown UIInterfaceOrientationLandscapeLeft UIInterfaceOrientationLandscapeRight";
				INFOPLIST_KEY_UISupportedInterfaceOrientations_iPhone = "UIInterfaceOrientationPortrait UIInterfaceOrientationLandscapeLeft UIInterfaceOrientationLandscapeRight";
				LD_RUNPATH_SEARCH_PATHS = (
					"$(inherited)",
					"@executable_path/Frameworks",
				);
				MARKETING_VERSION = 1.0;
				PRODUCT_BUNDLE_IDENTIFIER = "weather-doll";
				PRODUCT_NAME = "$(TARGET_NAME)";
				SWIFT_EMIT_LOC_STRINGS = YES;
				SWIFT_VERSION = 5.0;
				TARGETED_DEVICE_FAMILY = "1,2";
			};
			name = Release;
		};
/* End XCBuildConfiguration section */

/* Begin XCConfigurationList section */
		36F91FC027C9F59A00EA4937 /* Build configuration list for PBXProject "weather-doll" */ = {
			isa = XCConfigurationList;
			buildConfigurations = (
				36F91FD727C9F59B00EA4937 /* Debug */,
				36F91FD827C9F59B00EA4937 /* Release */,
			);
			defaultConfigurationIsVisible = 0;
			defaultConfigurationName = Release;
		};
		36F91FD927C9F59B00EA4937 /* Build configuration list for PBXNativeTarget "weather-doll" */ = {
			isa = XCConfigurationList;
			buildConfigurations = (
				36F91FDA27C9F59B00EA4937 /* Debug */,
				36F91FDB27C9F59B00EA4937 /* Release */,
			);
			defaultConfigurationIsVisible = 0;
			defaultConfigurationName = Release;
		};
/* End XCConfigurationList section */
	};
	rootObject = 36F91FBD27C9F59A00EA4937 /* Project object */;
}
